
Microsoft Visual Studio Solution File, Format Version 12.00
# Visual Studio 15
VisualStudioVersion = 15.0.27703.2026
MinimumVisualStudioVersion = 10.0.40219.1
Project("{4DF76451-A46A-4C0B-BE03-459FAAFA07E6}") = "tokenGSC", "tokenGSC\tokenGSC.mproj", "{CF244EC3-F87A-43A2-8AE6-2BCFC57DFE3E}"
EndProject
Global
	GlobalSection(SolutionConfigurationPlatforms) = preSolution
		Debug|x86 = Debug|x86
		Release|x86 = Release|x86
	EndGlobalSection
	GlobalSection(ProjectConfigurationPlatforms) = postSolution
		{CF244EC3-F87A-43A2-8AE6-2BCFC57DFE3E}.Debug|x86.ActiveCfg = Debug|x86
		{CF244EC3-F87A-43A2-8AE6-2BCFC57DFE3E}.Debug|x86.Build.0 = Debug|x86
		{CF244EC3-F87A-43A2-8AE6-2BCFC57DFE3E}.Release|x86.ActiveCfg = Release|x86
		{CF244EC3-F87A-43A2-8AE6-2BCFC57DFE3E}.Release|x86.Build.0 = Release|x86
	EndGlobalSection
	GlobalSection(SolutionProperties) = preSolution
		HideSolutionNode = FALSE
	EndGlobalSection
	GlobalSection(ExtensibilityGlobals) = postSolution
		SolutionGuid = {76D4178F-931C-43DF-B542-1DDAFB5824B6}
	EndGlobalSection
EndGlobal
